<Solution>
  <Project Path="../Bots/Bots.csproj" />
  <Project Path="../Commonds/Commons.csproj" />
  <Project Path="../Entities/Entities.csproj" />
  <Project Path="../Implements/Implements.csproj" />
  <Project Path="../Interfaces/Interfaces.csproj" />
  <Project Path="../Models/Models.csproj" />
  <Project Path="Hrevolve.csproj" />
</Solution>
